<?xml version="1.0" encoding="utf-8"?>
<Project ToolsVersion="4.0" xmlns="http://schemas.microsoft.com/developer/msbuild/2003">
  <ItemGroup>
    <Filter Include="Source Files">
      <UniqueIdentifier>{4FC737F1-C7A5-4376-A066-2A32D752A2FF}</UniqueIdentifier>
      <Extensions>cpp;c;cc;cxx;def;odl;idl;hpj;bat;asm;asmx</Extensions>
    </Filter>
    <Filter Include="Header Files">
      <UniqueIdentifier>{93995380-89BD-4b04-88EB-625FBE52EBFB}</UniqueIdentifier>
      <Extensions>h;hh;hpp;hxx;hm;inl;inc;ipp;xsd</Extensions>
    </Filter>
    <Filter Include="Source Files\src">
      <UniqueIdentifier>{e54d74a1-c6df-417d-ab03-8b1112f9a91e}</UniqueIdentifier>
    </Filter>
    <Filter Include="Header Files\headers">
      <UniqueIdentifier>{ccd5b303-69c7-4c90-987a-471ddc287491}</UniqueIdentifier>
    </Filter>
    <Filter Include="Resources">
      <UniqueIdentifier>{3ecb98bd-05d4-47e3-8aa5-9a72f1b0332c}</UniqueIdentifier>
    </Filter>
    <Filter Include="Resources\Sprites">
      <UniqueIdentifier>{bc016162-0f72-4466-b11f-4b999277533f}</UniqueIdentifier>
    </Filter>
  </ItemGroup>
  <ItemGroup>
    <ClCompile Include="Graphics.cpp">
      <Filter>Source Files\src</Filter>
    </ClCompile>
    <ClCompile Include="MainGame.cpp">
      <Filter>Source Files\src</Filter>
    </ClCompile>
    <ClCompile Include="Input.cpp">
      <Filter>Source Files\src</Filter>
    </ClCompile>
    <ClCompile Include="Sprite.cpp">
      <Filter>Source Files\src</Filter>
    </ClCompile>
    <ClCompile Include="Unit.cpp">
      <Filter>Source Files\src</Filter>
    </ClCompile>
    <ClCompile Include="main.cpp">
      <Filter>Source Files</Filter>
    </ClCompile>
    <ClCompile Include="Grid.cpp">
      <Filter>Source Files\src</Filter>
    </ClCompile>
    <ClCompile Include="BattleMap.cpp">
      <Filter>Source Files\src</Filter>
    </ClCompile>
  </ItemGroup>
  <ItemGroup>
    <ClInclude Include="Graphics.h">
      <Filter>Header Files\headers</Filter>
    </ClInclude>
    <ClInclude Include="MainGame.h">
      <Filter>Header Files\headers</Filter>
    </ClInclude>
    <ClInclude Include="Input.h">
      <Filter>Header Files\headers</Filter>
    </ClInclude>
    <ClInclude Include="Sprite.h">
      <Filter>Header Files\headers</Filter>
    </ClInclude>
    <ClInclude Include="Globals.h">
      <Filter>Header Files\headers</Filter>
    </ClInclude>
    <ClInclude Include="Unit.h">
      <Filter>Header Files\headers</Filter>
    </ClInclude>
    <ClInclude Include="BattleMap.h">
      <Filter>Header Files\headers</Filter>
    </ClInclude>
    <ClInclude Include="Grid.h">
      <Filter>Header Files\headers</Filter>
    </ClInclude>
  </ItemGroup>
  <ItemGroup>
    <Image Include="sprites\JulieChar.png">
      <Filter>Resources\Sprites</Filter>
    </Image>
  </ItemGroup>
  <ItemGroup>
    <ResourceCompile Include="Julie.rc" />
  </ItemGroup>
</Project>